
Microsoft Visual Studio Solution File, Format Version 12.00
# Visual Studio 15
Project("{FAE04EC0-301F-11D3-BF4B-00C04F79EFBC}") = "EmailServiceApp", "EmailServiceApp\EmailServiceApp.csproj", "{7A1AA5F9-17C8-4C89-87FD-266479BA8440}"
EndProject
Global
	GlobalSection(SolutionConfigurationPlatforms) = preSolution
		Debug|Any CPU = Debug|Any CPU
		Release|Any CPU = Release|Any CPU
	EndGlobalSection
	GlobalSection(ProjectConfigurationPlatforms) = postSolution
		{7A1AA5F9-17C8-4C89-87FD-266479BA8440}.Debug|Any CPU.ActiveCfg = Debug|Any CPU
		{7A1AA5F9-17C8-4C89-87FD-266479BA8440}.Debug|Any CPU.Build.0 = Debug|Any CPU
		{7A1AA5F9-17C8-4C89-87FD-266479BA8440}.Release|Any CPU.ActiveCfg = Release|Any CPU
		{7A1AA5F9-17C8-4C89-87FD-266479BA8440}.Release|Any CPU.Build.0 = Release|Any CPU
	EndGlobalSection
EndGlobal
